
Microsoft Visual Studio Solution File, Format Version 12.00
# Visual Studio Version 17
VisualStudioVersion = 17.6.33712.159
MinimumVisualStudioVersion = 10.0.40219.1
Project("{FAE04EC0-301F-11D3-BF4B-00C04F79EFBC}") = "Sistemas de Turnos-Medico", "Sistemas de Turnos-Medico\Sistemas de Turnos-Medico.csproj", "{E2ADE4A7-0E57-411C-9197-9F033D6AADF4}"
EndProject
Global
	GlobalSection(SolutionConfigurationPlatforms) = preSolution
		Debug|Any CPU = Debug|Any CPU
		Release|Any CPU = Release|Any CPU
	EndGlobalSection
	GlobalSection(ProjectConfigurationPlatforms) = postSolution
		{E2ADE4A7-0E57-411C-9197-9F033D6AADF4}.Debug|Any CPU.ActiveCfg = Debug|Any CPU
		{E2ADE4A7-0E57-411C-9197-9F033D6AADF4}.Debug|Any CPU.Build.0 = Debug|Any CPU
		{E2ADE4A7-0E57-411C-9197-9F033D6AADF4}.Release|Any CPU.ActiveCfg = Release|Any CPU
		{E2ADE4A7-0E57-411C-9197-9F033D6AADF4}.Release|Any CPU.Build.0 = Release|Any CPU
	EndGlobalSection
	GlobalSection(SolutionProperties) = preSolution
		HideSolutionNode = FALSE
	EndGlobalSection
	GlobalSection(ExtensibilityGlobals) = postSolution
		SolutionGuid = {119DED37-9255-4E3F-8C44-A7CE4101BB89}
	EndGlobalSection
EndGlobal
